<Solution>
  <Folder Name="/Libraries/">
    <Project Path="../libraries/src/Endpoints/Wiaoj.Endpoints/Wiaoj.Endpoints.csproj" />
    <Project Path="../libraries/src/Modulith/Wiaoj.Modulith.AspNetCore/Wiaoj.Modulith.AspNetCore.csproj" />
    <Project Path="../libraries/src/Modulith/Wiaoj.Modulith/Wiaoj.Modulith.csproj" />
  </Folder>
  <Folder Name="/Solution Items/">
    <File Path="src/Directory.Build.props" />
    <File Path="ROADMAP.md" />
    <File Path="README.md" />
  </Folder>
  <Folder Name="/src/">
    <Project Path="src/Veil.Analytics/Veil.Analytics.csproj" />
    <Project Path="src/Veil.Auth/Veil.Auth.csproj" />
    <Project Path="src/Veil.Certificates/Veil.Certificates.csproj" />
    <Project Path="src/Veil.EdgeNodes.Contracts/Veil.EdgeNodes.Contracts.csproj" />
    <Project Path="src/Veil.EdgeNodes/Veil.EdgeNodes.csproj" />
    <Project Path="src/Veil.Shared/Veil.Shared.csproj" />
    <Project Path="src/Veil.Zones.Contracts/Veil.Zones.Contracts.csproj" />
    <Project Path="src/Veil.Zones/Veil.Zones.csproj" />
  </Folder>
  <Folder Name="/src/Apps/">
    <Project Path="src/Apps/Veil.Analytics.Worker/Veil.Analytics.Worker.csproj" />
    <Project Path="src/Apps/Veil.Api/Veil.Api.csproj" />
    <Project Path="src/Apps/Veil.ConfigSync/Veil.ConfigSync.csproj" />
  </Folder>
</Solution>
